# This file is autogenerated, do not edit; changes may be undone by the next 'dep ensure'.


[[projects]]
  name = "github.com/garyburd/redigo"
  packages = [
    "internal",
    "redis"
  ]
  revision = "a69d19351219b6dd56f274f96d85a7014a2ec34e"
  version = "v1.6.0"

[solve-meta]
  analyzer-name = "dep"
  analyzer-version = 1
  inputs-digest = "f0f2fb02bbe701df7756ae3d3407b39e3ac30e8f9b6400a10efe822f45a353ad"
  solver-name = "gps-cdcl"
  solver-version = 1
