hash: 4896cf96fdbf088dfd6b31dc1900031abf6cc6d94ccbde559b0423375a5b5539
updated: 2017-11-21T11:43:07.821186+08:00
imports:
- name: github.com/garyburd/redigo
  version: 47dc60e71eed504e3ef8e77ee3c6fe720f3be57f
  subpackages:
  - internal
  - redis
- name: github.com/hhxsv5/go-redis-memory-analysis
  version: 4e2f07cf846af11d94346648494f31904ca88c6b
  subpackages:
  - storages
testImports: []
