# This file is autogenerated, do not edit; changes may be undone by the next 'dep ensure'.


[[projects]]
  name = "github.com/garyburd/redigo"
  packages = [
    "internal",
    "redis"
  ]
  revision = "a69d19351219b6dd56f274f96d85a7014a2ec34e"
  version = "v1.6.0"

[[projects]]
  name = "github.com/hhxsv5/go-redis-memory-analysis"
  packages = [
    ".",
    "storages"
  ]
  revision = "ccaab504ec33aa02bc2c8c507a08f2de46986f7e"
  version = "v2.0.4"

[solve-meta]
  analyzer-name = "dep"
  analyzer-version = 1
  inputs-digest = "fe713715ff0f1f017af99f878f58bf02147210f8b835eb1c7fc97e7bddd267c0"
  solver-name = "gps-cdcl"
  solver-version = 1
